
Microsoft Visual Studio Solution File, Format Version 12.00
# Visual Studio Version 16
VisualStudioVersion = 16.0.30804.86
MinimumVisualStudioVersion = 10.0.40219.1
Project("{8BC9CEB8-8B4A-11D0-8D11-00A0C91BC942}") = "robot_local_client", "robot_local_client\robot_local_client.vcxproj", "{34233350-32CC-47D8-84DA-15230093A34E}"
EndProject
Project("{54435603-DBB4-11D2-8724-00A0C9A8B90C}") = "Setup1", "Setup1\Setup1.vdproj", "{3AE90F28-02B8-4606-A2A8-15620BAE6D5E}"
EndProject
Global
	GlobalSection(SolutionConfigurationPlatforms) = preSolution
		Debug|x64 = Debug|x64
		Debug|x86 = Debug|x86
		Release|x64 = Release|x64
		Release|x86 = Release|x86
	EndGlobalSection
	GlobalSection(ProjectConfigurationPlatforms) = postSolution
		{34233350-32CC-47D8-84DA-15230093A34E}.Debug|x64.ActiveCfg = Debug|x64
		{34233350-32CC-47D8-84DA-15230093A34E}.Debug|x64.Build.0 = Debug|x64
		{34233350-32CC-47D8-84DA-15230093A34E}.Debug|x86.ActiveCfg = Debug|Win32
		{34233350-32CC-47D8-84DA-15230093A34E}.Debug|x86.Build.0 = Debug|Win32
		{34233350-32CC-47D8-84DA-15230093A34E}.Release|x64.ActiveCfg = Release|x64
		{34233350-32CC-47D8-84DA-15230093A34E}.Release|x64.Build.0 = Release|x64
		{34233350-32CC-47D8-84DA-15230093A34E}.Release|x86.ActiveCfg = Release|Win32
		{34233350-32CC-47D8-84DA-15230093A34E}.Release|x86.Build.0 = Release|Win32
		{3AE90F28-02B8-4606-A2A8-15620BAE6D5E}.Debug|x64.ActiveCfg = Debug
		{3AE90F28-02B8-4606-A2A8-15620BAE6D5E}.Debug|x86.ActiveCfg = Debug
		{3AE90F28-02B8-4606-A2A8-15620BAE6D5E}.Release|x64.ActiveCfg = Release
		{3AE90F28-02B8-4606-A2A8-15620BAE6D5E}.Release|x86.ActiveCfg = Release
	EndGlobalSection
	GlobalSection(SolutionProperties) = preSolution
		HideSolutionNode = FALSE
	EndGlobalSection
	GlobalSection(ExtensibilityGlobals) = postSolution
		SolutionGuid = {0522EBE6-0ED2-422B-9ECF-1F6E8D514634}
	EndGlobalSection
EndGlobal
